
Microsoft Visual Studio Solution File, Format Version 12.00
# Visual Studio Version 16
VisualStudioVersion = 16.0.30011.22
MinimumVisualStudioVersion = 10.0.40219.1
Project("{8BC9CEB8-8B4A-11D0-8D11-00A0C91BC942}") = "GYM", "GYM\GYM.vcxproj", "{9810203E-60E5-44C2-98A9-2D716FE56E55}"
EndProject
Project("{8BC9CEB8-8B4A-11D0-8D11-00A0C91BC942}") = "Ngay_Thang_Nam", "Ngay_Thang_Nam\Ngay_Thang_Nam.vcxproj", "{AFFECE4D-3E7A-4CCF-A9A3-262DBDCE7114}"
EndProject
Global
	GlobalSection(SolutionConfigurationPlatforms) = preSolution
		Debug|x64 = Debug|x64
		Debug|x86 = Debug|x86
		Release|x64 = Release|x64
		Release|x86 = Release|x86
	EndGlobalSection
	GlobalSection(ProjectConfigurationPlatforms) = postSolution
		{9810203E-60E5-44C2-98A9-2D716FE56E55}.Debug|x64.ActiveCfg = Debug|x64
		{9810203E-60E5-44C2-98A9-2D716FE56E55}.Debug|x64.Build.0 = Debug|x64
		{9810203E-60E5-44C2-98A9-2D716FE56E55}.Debug|x86.ActiveCfg = Debug|Win32
		{9810203E-60E5-44C2-98A9-2D716FE56E55}.Debug|x86.Build.0 = Debug|Win32
		{9810203E-60E5-44C2-98A9-2D716FE56E55}.Release|x64.ActiveCfg = Release|x64
		{9810203E-60E5-44C2-98A9-2D716FE56E55}.Release|x64.Build.0 = Release|x64
		{9810203E-60E5-44C2-98A9-2D716FE56E55}.Release|x86.ActiveCfg = Release|Win32
		{9810203E-60E5-44C2-98A9-2D716FE56E55}.Release|x86.Build.0 = Release|Win32
		{AFFECE4D-3E7A-4CCF-A9A3-262DBDCE7114}.Debug|x64.ActiveCfg = Debug|x64
		{AFFECE4D-3E7A-4CCF-A9A3-262DBDCE7114}.Debug|x64.Build.0 = Debug|x64
		{AFFECE4D-3E7A-4CCF-A9A3-262DBDCE7114}.Debug|x86.ActiveCfg = Debug|Win32
		{AFFECE4D-3E7A-4CCF-A9A3-262DBDCE7114}.Debug|x86.Build.0 = Debug|Win32
		{AFFECE4D-3E7A-4CCF-A9A3-262DBDCE7114}.Release|x64.ActiveCfg = Release|x64
		{AFFECE4D-3E7A-4CCF-A9A3-262DBDCE7114}.Release|x64.Build.0 = Release|x64
		{AFFECE4D-3E7A-4CCF-A9A3-262DBDCE7114}.Release|x86.ActiveCfg = Release|Win32
		{AFFECE4D-3E7A-4CCF-A9A3-262DBDCE7114}.Release|x86.Build.0 = Release|Win32
	EndGlobalSection
	GlobalSection(SolutionProperties) = preSolution
		HideSolutionNode = FALSE
	EndGlobalSection
	GlobalSection(ExtensibilityGlobals) = postSolution
		SolutionGuid = {B806D5D7-DA6B-42AB-933B-FA8582B44EB1}
	EndGlobalSection
EndGlobal
